<?xml version="1.0" encoding="utf-8"?>
<Project ToolsVersion="4.0" xmlns="http://schemas.microsoft.com/developer/msbuild/2003">
  <ItemGroup>
    <Filter Include="Source Files">
      <UniqueIdentifier>{996DA388-AED7-4FFB-BB82-84EDF33A85E3}</UniqueIdentifier>
      <Extensions>cpp;c;cc;cxx;def;odl;idl;hpj;bat;asm;asmx</Extensions>
    </Filter>
    <Filter Include="Source Files\LunarSimulation">
      <UniqueIdentifier>{C99234A0-CEDD-472F-ACA8-B2B91A585ABC}</UniqueIdentifier>
    </Filter>
    <Filter Include="Source Files\LunarSimulation\datatypes">
      <UniqueIdentifier>{E4C758AB-6C34-4806-9E5E-FC90A9558B43}</UniqueIdentifier>
    </Filter>
    <Filter Include="Header Files">
      <UniqueIdentifier>{3C196B83-066A-46BD-9B5F-0A81BD21E8CD}</UniqueIdentifier>
      <Extensions>h;hpp;hxx;hm;inl;inc;xsd</Extensions>
    </Filter>
    <Filter Include="Header Files\LunarSimulation">
      <UniqueIdentifier>{54BC8220-02BD-4B80-8A42-2654F9C30A30}</UniqueIdentifier>
    </Filter>
    <Filter Include="Header Files\LunarSimulation\datatypes">
      <UniqueIdentifier>{C748E288-BE2C-4D77-B1B8-91C3BC2671BC}</UniqueIdentifier>
    </Filter>
    <Filter Include="Header Files\LunarSimulation\impl">
      <UniqueIdentifier>{671BA7C0-E507-4B04-BB9F-D51D91BFCD75}</UniqueIdentifier>
    </Filter>
    <Filter Include="Header Files\LunarSimulation\impl\datatypes">
      <UniqueIdentifier>{A8476990-048C-4A45-BBE7-49D3EBCAD534}</UniqueIdentifier>
    </Filter>
    <Filter Include="Resource Files">
      <UniqueIdentifier>{3FBB9E09-5C6A-419A-B09F-A34F110F0BA2}</UniqueIdentifier>
      <Extensions>rc;ico;cur;bmp;dlg;rc2;rct;bin;rgs;gif;jpg;jpeg;jpe;resx;tiff;tif;png;wav</Extensions>
    </Filter>
  </ItemGroup>
  <ItemGroup>
    <ClInclude Include="include\LunarSimulation\HlaLibSettings.h">
      <Filter>Header Files\LunarSimulation</Filter>
    </ClInclude>
    <ClInclude Include="include\LunarSimulation\HlaFederateId.h">
      <Filter>Header Files\LunarSimulation</Filter>
    </ClInclude>
    <ClInclude Include="include\LunarSimulation\HlaHLAobjectRoot.h">
      <Filter>Header Files\LunarSimulation</Filter>
    </ClInclude>
    <ClInclude Include="include\LunarSimulation\HlaHLAobjectRootAttributes.h">
      <Filter>Header Files\LunarSimulation</Filter>
    </ClInclude>
    <ClInclude Include="include\LunarSimulation\HlaHLAobjectRootListener.h">
      <Filter>Header Files\LunarSimulation</Filter>
    </ClInclude>
    <ClInclude Include="include\LunarSimulation\HlaHLAobjectRootManager.h">
      <Filter>Header Files\LunarSimulation</Filter>
    </ClInclude>
    <ClInclude Include="include\LunarSimulation\HlaHLAobjectRootManagerListener.h">
      <Filter>Header Files\LunarSimulation</Filter>
    </ClInclude>
    <ClInclude Include="include\LunarSimulation\HlaHLAobjectRootValueListener.h">
      <Filter>Header Files\LunarSimulation</Filter>
    </ClInclude>
    <ClInclude Include="include\LunarSimulation\HlaHLAobjectRootUpdater.h">
      <Filter>Header Files\LunarSimulation</Filter>
    </ClInclude>
    <ClInclude Include="include\LunarSimulation\HlaPhysicalEntity.h">
      <Filter>Header Files\LunarSimulation</Filter>
    </ClInclude>
    <ClInclude Include="include\LunarSimulation\HlaPhysicalEntityAttributes.h">
      <Filter>Header Files\LunarSimulation</Filter>
    </ClInclude>
    <ClInclude Include="include\LunarSimulation\HlaPhysicalEntityListener.h">
      <Filter>Header Files\LunarSimulation</Filter>
    </ClInclude>
    <ClInclude Include="include\LunarSimulation\HlaPhysicalEntityManager.h">
      <Filter>Header Files\LunarSimulation</Filter>
    </ClInclude>
    <ClInclude Include="include\LunarSimulation\HlaPhysicalEntityManagerListener.h">
      <Filter>Header Files\LunarSimulation</Filter>
    </ClInclude>
    <ClInclude Include="include\LunarSimulation\HlaPhysicalEntityValueListener.h">
      <Filter>Header Files\LunarSimulation</Filter>
    </ClInclude>
    <ClInclude Include="include\LunarSimulation\HlaPhysicalEntityUpdater.h">
      <Filter>Header Files\LunarSimulation</Filter>
    </ClInclude>
    <ClInclude Include="include\LunarSimulation\HlaDynamicalEntity.h">
      <Filter>Header Files\LunarSimulation</Filter>
    </ClInclude>
    <ClInclude Include="include\LunarSimulation\HlaDynamicalEntityAttributes.h">
      <Filter>Header Files\LunarSimulation</Filter>
    </ClInclude>
    <ClInclude Include="include\LunarSimulation\HlaDynamicalEntityListener.h">
      <Filter>Header Files\LunarSimulation</Filter>
    </ClInclude>
    <ClInclude Include="include\LunarSimulation\HlaDynamicalEntityManager.h">
      <Filter>Header Files\LunarSimulation</Filter>
    </ClInclude>
    <ClInclude Include="include\LunarSimulation\HlaDynamicalEntityManagerListener.h">
      <Filter>Header Files\LunarSimulation</Filter>
    </ClInclude>
    <ClInclude Include="include\LunarSimulation\HlaDynamicalEntityValueListener.h">
      <Filter>Header Files\LunarSimulation</Filter>
    </ClInclude>
    <ClInclude Include="include\LunarSimulation\HlaDynamicalEntityUpdater.h">
      <Filter>Header Files\LunarSimulation</Filter>
    </ClInclude>
    <ClInclude Include="include\LunarSimulation\HlaPayload.h">
      <Filter>Header Files\LunarSimulation</Filter>
    </ClInclude>
    <ClInclude Include="include\LunarSimulation\HlaPayloadAttributes.h">
      <Filter>Header Files\LunarSimulation</Filter>
    </ClInclude>
    <ClInclude Include="include\LunarSimulation\HlaPayloadListener.h">
      <Filter>Header Files\LunarSimulation</Filter>
    </ClInclude>
    <ClInclude Include="include\LunarSimulation\HlaPayloadManager.h">
      <Filter>Header Files\LunarSimulation</Filter>
    </ClInclude>
    <ClInclude Include="include\LunarSimulation\HlaPayloadManagerListener.h">
      <Filter>Header Files\LunarSimulation</Filter>
    </ClInclude>
    <ClInclude Include="include\LunarSimulation\HlaPayloadValueListener.h">
      <Filter>Header Files\LunarSimulation</Filter>
    </ClInclude>
    <ClInclude Include="include\LunarSimulation\HlaPayloadUpdater.h">
      <Filter>Header Files\LunarSimulation</Filter>
    </ClInclude>
    <ClInclude Include="include\LunarSimulation\HlaLauncher.h">
      <Filter>Header Files\LunarSimulation</Filter>
    </ClInclude>
    <ClInclude Include="include\LunarSimulation\HlaLauncherAttributes.h">
      <Filter>Header Files\LunarSimulation</Filter>
    </ClInclude>
    <ClInclude Include="include\LunarSimulation\HlaLauncherListener.h">
      <Filter>Header Files\LunarSimulation</Filter>
    </ClInclude>
    <ClInclude Include="include\LunarSimulation\HlaLauncherManager.h">
      <Filter>Header Files\LunarSimulation</Filter>
    </ClInclude>
    <ClInclude Include="include\LunarSimulation\HlaLauncherManagerListener.h">
      <Filter>Header Files\LunarSimulation</Filter>
    </ClInclude>
    <ClInclude Include="include\LunarSimulation\HlaLauncherValueListener.h">
      <Filter>Header Files\LunarSimulation</Filter>
    </ClInclude>
    <ClInclude Include="include\LunarSimulation\HlaLauncherUpdater.h">
      <Filter>Header Files\LunarSimulation</Filter>
    </ClInclude>
    <ClInclude Include="include\LunarSimulation\HlaPhysicalInterface.h">
      <Filter>Header Files\LunarSimulation</Filter>
    </ClInclude>
    <ClInclude Include="include\LunarSimulation\HlaPhysicalInterfaceAttributes.h">
      <Filter>Header Files\LunarSimulation</Filter>
    </ClInclude>
    <ClInclude Include="include\LunarSimulation\HlaPhysicalInterfaceListener.h">
      <Filter>Header Files\LunarSimulation</Filter>
    </ClInclude>
    <ClInclude Include="include\LunarSimulation\HlaPhysicalInterfaceManager.h">
      <Filter>Header Files\LunarSimulation</Filter>
    </ClInclude>
    <ClInclude Include="include\LunarSimulation\HlaPhysicalInterfaceManagerListener.h">
      <Filter>Header Files\LunarSimulation</Filter>
    </ClInclude>
    <ClInclude Include="include\LunarSimulation\HlaPhysicalInterfaceValueListener.h">
      <Filter>Header Files\LunarSimulation</Filter>
    </ClInclude>
    <ClInclude Include="include\LunarSimulation\HlaPhysicalInterfaceUpdater.h">
      <Filter>Header Files\LunarSimulation</Filter>
    </ClInclude>
    <ClInclude Include="include\LunarSimulation\HlaReferenceFrame.h">
      <Filter>Header Files\LunarSimulation</Filter>
    </ClInclude>
    <ClInclude Include="include\LunarSimulation\HlaReferenceFrameAttributes.h">
      <Filter>Header Files\LunarSimulation</Filter>
    </ClInclude>
    <ClInclude Include="include\LunarSimulation\HlaReferenceFrameListener.h">
      <Filter>Header Files\LunarSimulation</Filter>
    </ClInclude>
    <ClInclude Include="include\LunarSimulation\HlaReferenceFrameManager.h">
      <Filter>Header Files\LunarSimulation</Filter>
    </ClInclude>
    <ClInclude Include="include\LunarSimulation\HlaReferenceFrameManagerListener.h">
      <Filter>Header Files\LunarSimulation</Filter>
    </ClInclude>
    <ClInclude Include="include\LunarSimulation\HlaReferenceFrameValueListener.h">
      <Filter>Header Files\LunarSimulation</Filter>
    </ClInclude>
    <ClInclude Include="include\LunarSimulation\HlaReferenceFrameUpdater.h">
      <Filter>Header Files\LunarSimulation</Filter>
    </ClInclude>
    <ClInclude Include="include\LunarSimulation\HlaMoon.h">
      <Filter>Header Files\LunarSimulation</Filter>
    </ClInclude>
    <ClInclude Include="include\LunarSimulation\HlaMoonAttributes.h">
      <Filter>Header Files\LunarSimulation</Filter>
    </ClInclude>
    <ClInclude Include="include\LunarSimulation\HlaMoonListener.h">
      <Filter>Header Files\LunarSimulation</Filter>
    </ClInclude>
    <ClInclude Include="include\LunarSimulation\HlaMoonManager.h">
      <Filter>Header Files\LunarSimulation</Filter>
    </ClInclude>
    <ClInclude Include="include\LunarSimulation\HlaMoonManagerListener.h">
      <Filter>Header Files\LunarSimulation</Filter>
    </ClInclude>
    <ClInclude Include="include\LunarSimulation\HlaMoonValueListener.h">
      <Filter>Header Files\LunarSimulation</Filter>
    </ClInclude>
    <ClInclude Include="include\LunarSimulation\HlaMoonUpdater.h">
      <Filter>Header Files\LunarSimulation</Filter>
    </ClInclude>
    <ClInclude Include="include\LunarSimulation\HlaExecutionConfiguration.h">
      <Filter>Header Files\LunarSimulation</Filter>
    </ClInclude>
    <ClInclude Include="include\LunarSimulation\HlaExecutionConfigurationAttributes.h">
      <Filter>Header Files\LunarSimulation</Filter>
    </ClInclude>
    <ClInclude Include="include\LunarSimulation\HlaExecutionConfigurationListener.h">
      <Filter>Header Files\LunarSimulation</Filter>
    </ClInclude>
    <ClInclude Include="include\LunarSimulation\HlaExecutionConfigurationManager.h">
      <Filter>Header Files\LunarSimulation</Filter>
    </ClInclude>
    <ClInclude Include="include\LunarSimulation\HlaExecutionConfigurationManagerListener.h">
      <Filter>Header Files\LunarSimulation</Filter>
    </ClInclude>
    <ClInclude Include="include\LunarSimulation\HlaExecutionConfigurationValueListener.h">
      <Filter>Header Files\LunarSimulation</Filter>
    </ClInclude>
    <ClInclude Include="include\LunarSimulation\HlaExecutionConfigurationUpdater.h">
      <Filter>Header Files\LunarSimulation</Filter>
    </ClInclude>
    <ClInclude Include="include\LunarSimulation\HlaObjectInstanceBase.h">
      <Filter>Header Files\LunarSimulation</Filter>
    </ClInclude>
    <ClInclude Include="include\LunarSimulation\HlaEnumSet.h">
      <Filter>Header Files\LunarSimulation</Filter>
    </ClInclude>
    <ClInclude Include="include\LunarSimulation\HlaException.h">
      <Filter>Header Files\LunarSimulation</Filter>
    </ClInclude>
    <ClInclude Include="include\LunarSimulation\HlaInteractionManager.h">
      <Filter>Header Files\LunarSimulation</Filter>
    </ClInclude>
    <ClInclude Include="include\LunarSimulation\HlaLogicalTime.h">
      <Filter>Header Files\LunarSimulation</Filter>
    </ClInclude>
    <ClInclude Include="include\LunarSimulation\HlaPointers.h">
      <Filter>Header Files\LunarSimulation</Filter>
    </ClInclude>
    <ClInclude Include="include\LunarSimulation\HlaPacer.h">
      <Filter>Header Files\LunarSimulation</Filter>
    </ClInclude>
    <ClInclude Include="include\LunarSimulation\HlaSettings.h">
      <Filter>Header Files\LunarSimulation</Filter>
    </ClInclude>
    <ClInclude Include="include\LunarSimulation\HlaTimeStampFactory.h">
      <Filter>Header Files\LunarSimulation</Filter>
    </ClInclude>
    <ClInclude Include="include\LunarSimulation\HlaTimeStamp.h">
      <Filter>Header Files\LunarSimulation</Filter>
    </ClInclude>
    <ClInclude Include="include\LunarSimulation\HlaTimeStamped.h">
      <Filter>Header Files\LunarSimulation</Filter>
    </ClInclude>
    <ClInclude Include="include\LunarSimulation\HlaTuning.h">
      <Filter>Header Files\LunarSimulation</Filter>
    </ClInclude>
    <ClInclude Include="include\LunarSimulation\HlaWorld.h">
      <Filter>Header Files\LunarSimulation</Filter>
    </ClInclude>
    <ClInclude Include="include\LunarSimulation\HlaWorldListener.h">
      <Filter>Header Files\LunarSimulation</Filter>
    </ClInclude>
    <ClInclude Include="include\LunarSimulation\HlaSaveRestoreManager.h">
      <Filter>Header Files\LunarSimulation</Filter>
    </ClInclude>
    <ClInclude Include="include\LunarSimulation\HlaSaveRestoreListener.h">
      <Filter>Header Files\LunarSimulation</Filter>
    </ClInclude>
    <ClInclude Include="include\LunarSimulation\HlaInteractionListener.h">
      <Filter>Header Files\LunarSimulation</Filter>
    </ClInclude>
    <ClInclude Include="include\LunarSimulation\HlaAllHeaders.h">
      <Filter>Header Files\LunarSimulation</Filter>
    </ClInclude>
    <ClInclude Include="include\LunarSimulation\datatypes\ExecutionMode.h">
      <Filter>Header Files\LunarSimulation\datatypes</Filter>
    </ClInclude>
    <ClInclude Include="include\LunarSimulation\datatypes\MTRMode.h">
      <Filter>Header Files\LunarSimulation\datatypes</Filter>
    </ClInclude>
    <ClInclude Include="include\LunarSimulation\datatypes\AttitudeQuaternion.h">
      <Filter>Header Files\LunarSimulation\datatypes</Filter>
    </ClInclude>
    <ClInclude Include="include\LunarSimulation\datatypes\ReferenceFrameRotation.h">
      <Filter>Header Files\LunarSimulation\datatypes</Filter>
    </ClInclude>
    <ClInclude Include="include\LunarSimulation\datatypes\ReferenceFrameTranslation.h">
      <Filter>Header Files\LunarSimulation\datatypes</Filter>
    </ClInclude>
    <ClInclude Include="include\LunarSimulation\datatypes\SpaceTimeCoordinateState.h">
      <Filter>Header Files\LunarSimulation\datatypes</Filter>
    </ClInclude>
    <ClInclude Include="include\LunarSimulation\datatypes\VelocityVector.h">
      <Filter>Header Files\LunarSimulation\datatypes</Filter>
    </ClInclude>
    <ClInclude Include="include\LunarSimulation\datatypes\Vector.h">
      <Filter>Header Files\LunarSimulation\datatypes</Filter>
    </ClInclude>
    <ClInclude Include="include\LunarSimulation\datatypes\TorqueVector.h">
      <Filter>Header Files\LunarSimulation\datatypes</Filter>
    </ClInclude>
    <ClInclude Include="include\LunarSimulation\datatypes\PositionVector.h">
      <Filter>Header Files\LunarSimulation\datatypes</Filter>
    </ClInclude>
    <ClInclude Include="include\LunarSimulation\datatypes\InertiaRateMatrix.h">
      <Filter>Header Files\LunarSimulation\datatypes</Filter>
    </ClInclude>
    <ClInclude Include="include\LunarSimulation\datatypes\InertiaMatrix.h">
      <Filter>Header Files\LunarSimulation\datatypes</Filter>
    </ClInclude>
    <ClInclude Include="include\LunarSimulation\datatypes\ForceVector.h">
      <Filter>Header Files\LunarSimulation\datatypes</Filter>
    </ClInclude>
    <ClInclude Include="include\LunarSimulation\datatypes\AngularVelocityVector.h">
      <Filter>Header Files\LunarSimulation\datatypes</Filter>
    </ClInclude>
    <ClInclude Include="include\LunarSimulation\datatypes\AngularAccelerationVector.h">
      <Filter>Header Files\LunarSimulation\datatypes</Filter>
    </ClInclude>
    <ClInclude Include="include\LunarSimulation\datatypes\AccelerationVector.h">
      <Filter>Header Files\LunarSimulation\datatypes</Filter>
    </ClInclude>
    <ClInclude Include="src\LunarSimulation\AbstractInteractionClassManager.h">
      <Filter>Header Files\LunarSimulation\impl</Filter>
    </ClInclude>
    <ClInclude Include="src\LunarSimulation\AbstractObjectClassManager.h">
      <Filter>Header Files\LunarSimulation\impl</Filter>
    </ClInclude>
    <ClInclude Include="src\LunarSimulation\AttributeValue.h">
      <Filter>Header Files\LunarSimulation\impl</Filter>
    </ClInclude>
    <ClInclude Include="src\LunarSimulation\ParameterValue.h">
      <Filter>Header Files\LunarSimulation\impl</Filter>
    </ClInclude>
    <ClInclude Include="src\LunarSimulation\BlockingQueue.h">
      <Filter>Header Files\LunarSimulation\impl</Filter>
    </ClInclude>
    <ClInclude Include="src\LunarSimulation\Cache.h">
      <Filter>Header Files\LunarSimulation\impl</Filter>
    </ClInclude>
    <ClInclude Include="src\LunarSimulation\ConditionVariable.h">
      <Filter>Header Files\LunarSimulation\impl</Filter>
    </ClInclude>
    <ClInclude Include="src\LunarSimulation\DualMap.h">
      <Filter>Header Files\LunarSimulation\impl</Filter>
    </ClInclude>
    <ClInclude Include="src\LunarSimulation\FederateManager.h">
      <Filter>Header Files\LunarSimulation\impl</Filter>
    </ClInclude>
    <ClInclude Include="src\LunarSimulation\ImplPointers.h">
      <Filter>Header Files\LunarSimulation\impl</Filter>
    </ClInclude>
    <ClInclude Include="src\LunarSimulation\HlaInteractionManagerImpl.h">
      <Filter>Header Files\LunarSimulation\impl</Filter>
    </ClInclude>
    <ClInclude Include="src\LunarSimulation\InvokeLaterExecutor.h">
      <Filter>Header Files\LunarSimulation\impl</Filter>
    </ClInclude>
    <ClInclude Include="src\LunarSimulation\ListenerSet.h">
      <Filter>Header Files\LunarSimulation\impl</Filter>
    </ClInclude>
    <ClInclude Include="src\LunarSimulation\HlaLogicalTimeImpl.h">
      <Filter>Header Files\LunarSimulation\impl</Filter>
    </ClInclude>
    <ClInclude Include="src\LunarSimulation\NotificationQueue.h">
      <Filter>Header Files\LunarSimulation\impl</Filter>
    </ClInclude>
    <ClInclude Include="src\LunarSimulation\ObjectManager.h">
      <Filter>Header Files\LunarSimulation\impl</Filter>
    </ClInclude>
    <ClInclude Include="src\LunarSimulation\RtiInteractionManager.h">
      <Filter>Header Files\LunarSimulation\impl</Filter>
    </ClInclude>
    <ClInclude Include="src\LunarSimulation\Scheduler.h">
      <Filter>Header Files\LunarSimulation\impl</Filter>
    </ClInclude>
    <ClInclude Include="src\LunarSimulation\StringUtil.h">
      <Filter>Header Files\LunarSimulation\impl</Filter>
    </ClInclude>
    <ClInclude Include="src\LunarSimulation\TimeUtility.h">
      <Filter>Header Files\LunarSimulation\impl</Filter>
    </ClInclude>
    <ClInclude Include="src\LunarSimulation\HlaWorldImpl.h">
      <Filter>Header Files\LunarSimulation\impl</Filter>
    </ClInclude>
    <ClInclude Include="src\LunarSimulation\HlaSaveRestoreManagerImpl.h">
      <Filter>Header Files\LunarSimulation\impl</Filter>
    </ClInclude>
    <ClInclude Include="src\LunarSimulation\SaveRestManager.h">
      <Filter>Header Files\LunarSimulation\impl</Filter>
    </ClInclude>
    <ClInclude Include="src\LunarSimulation\PersistentHelper.h">
      <Filter>Header Files\LunarSimulation\impl</Filter>
    </ClInclude>
    <ClInclude Include="src\LunarSimulation\HlaFederateIdImpl.h">
      <Filter>Header Files\LunarSimulation\impl</Filter>
    </ClInclude>
    <ClInclude Include="src\LunarSimulation\HlaHLAobjectRootAttributesImpl.h">
      <Filter>Header Files\LunarSimulation\impl</Filter>
    </ClInclude>
    <ClInclude Include="src\LunarSimulation\HlaHLAobjectRootImpl.h">
      <Filter>Header Files\LunarSimulation\impl</Filter>
    </ClInclude>
    <ClInclude Include="src\LunarSimulation\HlaHLAobjectRootManagerImpl.h">
      <Filter>Header Files\LunarSimulation\impl</Filter>
    </ClInclude>
    <ClInclude Include="src\LunarSimulation\HlaHLAobjectRootUpdaterImpl.h">
      <Filter>Header Files\LunarSimulation\impl</Filter>
    </ClInclude>
    <ClInclude Include="src\LunarSimulation\HlaPhysicalEntityAttributesImpl.h">
      <Filter>Header Files\LunarSimulation\impl</Filter>
    </ClInclude>
    <ClInclude Include="src\LunarSimulation\HlaPhysicalEntityImpl.h">
      <Filter>Header Files\LunarSimulation\impl</Filter>
    </ClInclude>
    <ClInclude Include="src\LunarSimulation\HlaPhysicalEntityManagerImpl.h">
      <Filter>Header Files\LunarSimulation\impl</Filter>
    </ClInclude>
    <ClInclude Include="src\LunarSimulation\HlaPhysicalEntityUpdaterImpl.h">
      <Filter>Header Files\LunarSimulation\impl</Filter>
    </ClInclude>
    <ClInclude Include="src\LunarSimulation\HlaDynamicalEntityAttributesImpl.h">
      <Filter>Header Files\LunarSimulation\impl</Filter>
    </ClInclude>
    <ClInclude Include="src\LunarSimulation\HlaDynamicalEntityImpl.h">
      <Filter>Header Files\LunarSimulation\impl</Filter>
    </ClInclude>
    <ClInclude Include="src\LunarSimulation\HlaDynamicalEntityManagerImpl.h">
      <Filter>Header Files\LunarSimulation\impl</Filter>
    </ClInclude>
    <ClInclude Include="src\LunarSimulation\HlaDynamicalEntityUpdaterImpl.h">
      <Filter>Header Files\LunarSimulation\impl</Filter>
    </ClInclude>
    <ClInclude Include="src\LunarSimulation\HlaPayloadAttributesImpl.h">
      <Filter>Header Files\LunarSimulation\impl</Filter>
    </ClInclude>
    <ClInclude Include="src\LunarSimulation\HlaPayloadImpl.h">
      <Filter>Header Files\LunarSimulation\impl</Filter>
    </ClInclude>
    <ClInclude Include="src\LunarSimulation\HlaPayloadManagerImpl.h">
      <Filter>Header Files\LunarSimulation\impl</Filter>
    </ClInclude>
    <ClInclude Include="src\LunarSimulation\HlaPayloadUpdaterImpl.h">
      <Filter>Header Files\LunarSimulation\impl</Filter>
    </ClInclude>
    <ClInclude Include="src\LunarSimulation\HlaLauncherAttributesImpl.h">
      <Filter>Header Files\LunarSimulation\impl</Filter>
    </ClInclude>
    <ClInclude Include="src\LunarSimulation\HlaLauncherImpl.h">
      <Filter>Header Files\LunarSimulation\impl</Filter>
    </ClInclude>
    <ClInclude Include="src\LunarSimulation\HlaLauncherManagerImpl.h">
      <Filter>Header Files\LunarSimulation\impl</Filter>
    </ClInclude>
    <ClInclude Include="src\LunarSimulation\HlaLauncherUpdaterImpl.h">
      <Filter>Header Files\LunarSimulation\impl</Filter>
    </ClInclude>
    <ClInclude Include="src\LunarSimulation\HlaPhysicalInterfaceAttributesImpl.h">
      <Filter>Header Files\LunarSimulation\impl</Filter>
    </ClInclude>
    <ClInclude Include="src\LunarSimulation\HlaPhysicalInterfaceImpl.h">
      <Filter>Header Files\LunarSimulation\impl</Filter>
    </ClInclude>
    <ClInclude Include="src\LunarSimulation\HlaPhysicalInterfaceManagerImpl.h">
      <Filter>Header Files\LunarSimulation\impl</Filter>
    </ClInclude>
    <ClInclude Include="src\LunarSimulation\HlaPhysicalInterfaceUpdaterImpl.h">
      <Filter>Header Files\LunarSimulation\impl</Filter>
    </ClInclude>
    <ClInclude Include="src\LunarSimulation\HlaReferenceFrameAttributesImpl.h">
      <Filter>Header Files\LunarSimulation\impl</Filter>
    </ClInclude>
    <ClInclude Include="src\LunarSimulation\HlaReferenceFrameImpl.h">
      <Filter>Header Files\LunarSimulation\impl</Filter>
    </ClInclude>
    <ClInclude Include="src\LunarSimulation\HlaReferenceFrameManagerImpl.h">
      <Filter>Header Files\LunarSimulation\impl</Filter>
    </ClInclude>
    <ClInclude Include="src\LunarSimulation\HlaReferenceFrameUpdaterImpl.h">
      <Filter>Header Files\LunarSimulation\impl</Filter>
    </ClInclude>
    <ClInclude Include="src\LunarSimulation\HlaMoonAttributesImpl.h">
      <Filter>Header Files\LunarSimulation\impl</Filter>
    </ClInclude>
    <ClInclude Include="src\LunarSimulation\HlaMoonImpl.h">
      <Filter>Header Files\LunarSimulation\impl</Filter>
    </ClInclude>
    <ClInclude Include="src\LunarSimulation\HlaMoonManagerImpl.h">
      <Filter>Header Files\LunarSimulation\impl</Filter>
    </ClInclude>
    <ClInclude Include="src\LunarSimulation\HlaMoonUpdaterImpl.h">
      <Filter>Header Files\LunarSimulation\impl</Filter>
    </ClInclude>
    <ClInclude Include="src\LunarSimulation\HlaExecutionConfigurationAttributesImpl.h">
      <Filter>Header Files\LunarSimulation\impl</Filter>
    </ClInclude>
    <ClInclude Include="src\LunarSimulation\HlaExecutionConfigurationImpl.h">
      <Filter>Header Files\LunarSimulation\impl</Filter>
    </ClInclude>
    <ClInclude Include="src\LunarSimulation\HlaExecutionConfigurationManagerImpl.h">
      <Filter>Header Files\LunarSimulation\impl</Filter>
    </ClInclude>
    <ClInclude Include="src\LunarSimulation\HlaExecutionConfigurationUpdaterImpl.h">
      <Filter>Header Files\LunarSimulation\impl</Filter>
    </ClInclude>
    <ClInclude Include="src\LunarSimulation\datatypes\BaseEncoder.h">
      <Filter>Header Files\LunarSimulation\impl\datatypes</Filter>
    </ClInclude>
    <ClInclude Include="src\LunarSimulation\datatypes\CharPair.h">
      <Filter>Header Files\LunarSimulation\impl\datatypes</Filter>
    </ClInclude>
    <ClInclude Include="src\LunarSimulation\datatypes\ExecutionModeEncoder.h">
      <Filter>Header Files\LunarSimulation\impl\datatypes</Filter>
    </ClInclude>
    <ClInclude Include="src\LunarSimulation\datatypes\MTRModeEncoder.h">
      <Filter>Header Files\LunarSimulation\impl\datatypes</Filter>
    </ClInclude>
    <ClInclude Include="src\LunarSimulation\datatypes\AttitudeQuaternionEncoder.h">
      <Filter>Header Files\LunarSimulation\impl\datatypes</Filter>
    </ClInclude>
    <ClInclude Include="src\LunarSimulation\datatypes\ReferenceFrameRotationEncoder.h">
      <Filter>Header Files\LunarSimulation\impl\datatypes</Filter>
    </ClInclude>
    <ClInclude Include="src\LunarSimulation\datatypes\ReferenceFrameTranslationEncoder.h">
      <Filter>Header Files\LunarSimulation\impl\datatypes</Filter>
    </ClInclude>
    <ClInclude Include="src\LunarSimulation\datatypes\SpaceTimeCoordinateStateEncoder.h">
      <Filter>Header Files\LunarSimulation\impl\datatypes</Filter>
    </ClInclude>
    <ClInclude Include="src\LunarSimulation\datatypes\VelocityVectorEncoder.h">
      <Filter>Header Files\LunarSimulation\impl\datatypes</Filter>
    </ClInclude>
    <ClInclude Include="src\LunarSimulation\datatypes\VectorEncoder.h">
      <Filter>Header Files\LunarSimulation\impl\datatypes</Filter>
    </ClInclude>
    <ClInclude Include="src\LunarSimulation\datatypes\TorqueVectorEncoder.h">
      <Filter>Header Files\LunarSimulation\impl\datatypes</Filter>
    </ClInclude>
    <ClInclude Include="src\LunarSimulation\datatypes\PositionVectorEncoder.h">
      <Filter>Header Files\LunarSimulation\impl\datatypes</Filter>
    </ClInclude>
    <ClInclude Include="src\LunarSimulation\datatypes\InertiaRateMatrixEncoder.h">
      <Filter>Header Files\LunarSimulation\impl\datatypes</Filter>
    </ClInclude>
    <ClInclude Include="src\LunarSimulation\datatypes\InertiaMatrixEncoder.h">
      <Filter>Header Files\LunarSimulation\impl\datatypes</Filter>
    </ClInclude>
    <ClInclude Include="src\LunarSimulation\datatypes\ForceVectorEncoder.h">
      <Filter>Header Files\LunarSimulation\impl\datatypes</Filter>
    </ClInclude>
    <ClInclude Include="src\LunarSimulation\datatypes\AngularVelocityVectorEncoder.h">
      <Filter>Header Files\LunarSimulation\impl\datatypes</Filter>
    </ClInclude>
    <ClInclude Include="src\LunarSimulation\datatypes\AngularAccelerationVectorEncoder.h">
      <Filter>Header Files\LunarSimulation\impl\datatypes</Filter>
    </ClInclude>
    <ClInclude Include="src\LunarSimulation\datatypes\AccelerationVectorEncoder.h">
      <Filter>Header Files\LunarSimulation\impl\datatypes</Filter>
    </ClInclude>
  </ItemGroup>
  <ItemGroup>
    <ClCompile Include="src\LunarSimulation\HlaException.cpp">
      <Filter>Source Files\LunarSimulation</Filter>
    </ClCompile>
    <ClCompile Include="src\LunarSimulation\FederateManager.cpp">
      <Filter>Source Files\LunarSimulation</Filter>
    </ClCompile>
    <ClCompile Include="src\LunarSimulation\HlaInteractionManagerImpl.cpp">
      <Filter>Source Files\LunarSimulation</Filter>
    </ClCompile>
    <ClCompile Include="src\LunarSimulation\InvokeLaterExecutor.cpp">
      <Filter>Source Files\LunarSimulation</Filter>
    </ClCompile>
    <ClCompile Include="src\LunarSimulation\HlaLogicalTimeImpl.cpp">
      <Filter>Source Files\LunarSimulation</Filter>
    </ClCompile>
    <ClCompile Include="src\LunarSimulation\NotificationQueue.cpp">
      <Filter>Source Files\LunarSimulation</Filter>
    </ClCompile>
    <ClCompile Include="src\LunarSimulation\ObjectManager.cpp">
      <Filter>Source Files\LunarSimulation</Filter>
    </ClCompile>
    <ClCompile Include="src\LunarSimulation\HlaPacer.cpp">
      <Filter>Source Files\LunarSimulation</Filter>
    </ClCompile>
    <ClCompile Include="src\LunarSimulation\RtiInteractionManager.cpp">
      <Filter>Source Files\LunarSimulation</Filter>
    </ClCompile>
    <ClCompile Include="src\LunarSimulation\Scheduler.cpp">
      <Filter>Source Files\LunarSimulation</Filter>
    </ClCompile>
    <ClCompile Include="src\LunarSimulation\HlaSettings.cpp">
      <Filter>Source Files\LunarSimulation</Filter>
    </ClCompile>
    <ClCompile Include="src\LunarSimulation\StringUtil.cpp">
      <Filter>Source Files\LunarSimulation</Filter>
    </ClCompile>
    <ClCompile Include="src\LunarSimulation\HlaTimeStampFactory.cpp">
      <Filter>Source Files\LunarSimulation</Filter>
    </ClCompile>
    <ClCompile Include="src\LunarSimulation\TimeUtility.cpp">
      <Filter>Source Files\LunarSimulation</Filter>
    </ClCompile>
    <ClCompile Include="src\LunarSimulation\HlaTuning.cpp">
      <Filter>Source Files\LunarSimulation</Filter>
    </ClCompile>
    <ClCompile Include="src\LunarSimulation\HlaWorldImpl.cpp">
      <Filter>Source Files\LunarSimulation</Filter>
    </ClCompile>
    <ClCompile Include="src\LunarSimulation\HlaSaveRestoreManagerImpl.cpp">
      <Filter>Source Files\LunarSimulation</Filter>
    </ClCompile>
    <ClCompile Include="src\LunarSimulation\SaveRestManager.cpp">
      <Filter>Source Files\LunarSimulation</Filter>
    </ClCompile>
    <ClCompile Include="src\LunarSimulation\HlaFederateIdImpl.cpp">
      <Filter>Source Files\LunarSimulation</Filter>
    </ClCompile>
    <ClCompile Include="src\LunarSimulation\HlaHLAobjectRootAttributesImpl.cpp">
      <Filter>Source Files\LunarSimulation</Filter>
    </ClCompile>
    <ClCompile Include="src\LunarSimulation\HlaHLAobjectRootImpl.cpp">
      <Filter>Source Files\LunarSimulation</Filter>
    </ClCompile>
    <ClCompile Include="src\LunarSimulation\HlaHLAobjectRootManagerImpl.cpp">
      <Filter>Source Files\LunarSimulation</Filter>
    </ClCompile>
    <ClCompile Include="src\LunarSimulation\HlaHLAobjectRootUpdaterImpl.cpp">
      <Filter>Source Files\LunarSimulation</Filter>
    </ClCompile>
    <ClCompile Include="src\LunarSimulation\HlaPhysicalEntityAttributesImpl.cpp">
      <Filter>Source Files\LunarSimulation</Filter>
    </ClCompile>
    <ClCompile Include="src\LunarSimulation\HlaPhysicalEntityImpl.cpp">
      <Filter>Source Files\LunarSimulation</Filter>
    </ClCompile>
    <ClCompile Include="src\LunarSimulation\HlaPhysicalEntityManagerImpl.cpp">
      <Filter>Source Files\LunarSimulation</Filter>
    </ClCompile>
    <ClCompile Include="src\LunarSimulation\HlaPhysicalEntityUpdaterImpl.cpp">
      <Filter>Source Files\LunarSimulation</Filter>
    </ClCompile>
    <ClCompile Include="src\LunarSimulation\HlaDynamicalEntityAttributesImpl.cpp">
      <Filter>Source Files\LunarSimulation</Filter>
    </ClCompile>
    <ClCompile Include="src\LunarSimulation\HlaDynamicalEntityImpl.cpp">
      <Filter>Source Files\LunarSimulation</Filter>
    </ClCompile>
    <ClCompile Include="src\LunarSimulation\HlaDynamicalEntityManagerImpl.cpp">
      <Filter>Source Files\LunarSimulation</Filter>
    </ClCompile>
    <ClCompile Include="src\LunarSimulation\HlaDynamicalEntityUpdaterImpl.cpp">
      <Filter>Source Files\LunarSimulation</Filter>
    </ClCompile>
    <ClCompile Include="src\LunarSimulation\HlaPayloadAttributesImpl.cpp">
      <Filter>Source Files\LunarSimulation</Filter>
    </ClCompile>
    <ClCompile Include="src\LunarSimulation\HlaPayloadImpl.cpp">
      <Filter>Source Files\LunarSimulation</Filter>
    </ClCompile>
    <ClCompile Include="src\LunarSimulation\HlaPayloadManagerImpl.cpp">
      <Filter>Source Files\LunarSimulation</Filter>
    </ClCompile>
    <ClCompile Include="src\LunarSimulation\HlaPayloadUpdaterImpl.cpp">
      <Filter>Source Files\LunarSimulation</Filter>
    </ClCompile>
    <ClCompile Include="src\LunarSimulation\HlaLauncherAttributesImpl.cpp">
      <Filter>Source Files\LunarSimulation</Filter>
    </ClCompile>
    <ClCompile Include="src\LunarSimulation\HlaLauncherImpl.cpp">
      <Filter>Source Files\LunarSimulation</Filter>
    </ClCompile>
    <ClCompile Include="src\LunarSimulation\HlaLauncherManagerImpl.cpp">
      <Filter>Source Files\LunarSimulation</Filter>
    </ClCompile>
    <ClCompile Include="src\LunarSimulation\HlaLauncherUpdaterImpl.cpp">
      <Filter>Source Files\LunarSimulation</Filter>
    </ClCompile>
    <ClCompile Include="src\LunarSimulation\HlaPhysicalInterfaceAttributesImpl.cpp">
      <Filter>Source Files\LunarSimulation</Filter>
    </ClCompile>
    <ClCompile Include="src\LunarSimulation\HlaPhysicalInterfaceImpl.cpp">
      <Filter>Source Files\LunarSimulation</Filter>
    </ClCompile>
    <ClCompile Include="src\LunarSimulation\HlaPhysicalInterfaceManagerImpl.cpp">
      <Filter>Source Files\LunarSimulation</Filter>
    </ClCompile>
    <ClCompile Include="src\LunarSimulation\HlaPhysicalInterfaceUpdaterImpl.cpp">
      <Filter>Source Files\LunarSimulation</Filter>
    </ClCompile>
    <ClCompile Include="src\LunarSimulation\HlaReferenceFrameAttributesImpl.cpp">
      <Filter>Source Files\LunarSimulation</Filter>
    </ClCompile>
    <ClCompile Include="src\LunarSimulation\HlaReferenceFrameImpl.cpp">
      <Filter>Source Files\LunarSimulation</Filter>
    </ClCompile>
    <ClCompile Include="src\LunarSimulation\HlaReferenceFrameManagerImpl.cpp">
      <Filter>Source Files\LunarSimulation</Filter>
    </ClCompile>
    <ClCompile Include="src\LunarSimulation\HlaReferenceFrameUpdaterImpl.cpp">
      <Filter>Source Files\LunarSimulation</Filter>
    </ClCompile>
    <ClCompile Include="src\LunarSimulation\HlaMoonAttributesImpl.cpp">
      <Filter>Source Files\LunarSimulation</Filter>
    </ClCompile>
    <ClCompile Include="src\LunarSimulation\HlaMoonImpl.cpp">
      <Filter>Source Files\LunarSimulation</Filter>
    </ClCompile>
    <ClCompile Include="src\LunarSimulation\HlaMoonManagerImpl.cpp">
      <Filter>Source Files\LunarSimulation</Filter>
    </ClCompile>
    <ClCompile Include="src\LunarSimulation\HlaMoonUpdaterImpl.cpp">
      <Filter>Source Files\LunarSimulation</Filter>
    </ClCompile>
    <ClCompile Include="src\LunarSimulation\HlaExecutionConfigurationAttributesImpl.cpp">
      <Filter>Source Files\LunarSimulation</Filter>
    </ClCompile>
    <ClCompile Include="src\LunarSimulation\HlaExecutionConfigurationImpl.cpp">
      <Filter>Source Files\LunarSimulation</Filter>
    </ClCompile>
    <ClCompile Include="src\LunarSimulation\HlaExecutionConfigurationManagerImpl.cpp">
      <Filter>Source Files\LunarSimulation</Filter>
    </ClCompile>
    <ClCompile Include="src\LunarSimulation\HlaExecutionConfigurationUpdaterImpl.cpp">
      <Filter>Source Files\LunarSimulation</Filter>
    </ClCompile>
    <ClCompile Include="src\LunarSimulation\datatypes\BaseEncoder.cpp">
      <Filter>Source Files\LunarSimulation\datatypes</Filter>
    </ClCompile>
    <ClCompile Include="src\LunarSimulation\datatypes\CharPair.cpp">
      <Filter>Source Files\LunarSimulation\datatypes</Filter>
    </ClCompile>
    <ClCompile Include="src\LunarSimulation\datatypes\ExecutionMode.cpp">
      <Filter>Source Files\LunarSimulation\datatypes</Filter>
    </ClCompile>
    <ClCompile Include="src\LunarSimulation\datatypes\ExecutionModeEncoder.cpp">
      <Filter>Source Files\LunarSimulation\datatypes</Filter>
    </ClCompile>
    <ClCompile Include="src\LunarSimulation\datatypes\MTRMode.cpp">
      <Filter>Source Files\LunarSimulation\datatypes</Filter>
    </ClCompile>
    <ClCompile Include="src\LunarSimulation\datatypes\MTRModeEncoder.cpp">
      <Filter>Source Files\LunarSimulation\datatypes</Filter>
    </ClCompile>
    <ClCompile Include="src\LunarSimulation\datatypes\AttitudeQuaternion.cpp">
      <Filter>Source Files\LunarSimulation\datatypes</Filter>
    </ClCompile>
    <ClCompile Include="src\LunarSimulation\datatypes\AttitudeQuaternionEncoder.cpp">
      <Filter>Source Files\LunarSimulation\datatypes</Filter>
    </ClCompile>
    <ClCompile Include="src\LunarSimulation\datatypes\ReferenceFrameRotation.cpp">
      <Filter>Source Files\LunarSimulation\datatypes</Filter>
    </ClCompile>
    <ClCompile Include="src\LunarSimulation\datatypes\ReferenceFrameRotationEncoder.cpp">
      <Filter>Source Files\LunarSimulation\datatypes</Filter>
    </ClCompile>
    <ClCompile Include="src\LunarSimulation\datatypes\ReferenceFrameTranslation.cpp">
      <Filter>Source Files\LunarSimulation\datatypes</Filter>
    </ClCompile>
    <ClCompile Include="src\LunarSimulation\datatypes\ReferenceFrameTranslationEncoder.cpp">
      <Filter>Source Files\LunarSimulation\datatypes</Filter>
    </ClCompile>
    <ClCompile Include="src\LunarSimulation\datatypes\SpaceTimeCoordinateState.cpp">
      <Filter>Source Files\LunarSimulation\datatypes</Filter>
    </ClCompile>
    <ClCompile Include="src\LunarSimulation\datatypes\SpaceTimeCoordinateStateEncoder.cpp">
      <Filter>Source Files\LunarSimulation\datatypes</Filter>
    </ClCompile>
    <ClCompile Include="src\LunarSimulation\datatypes\VelocityVectorEncoder.cpp">
      <Filter>Source Files\LunarSimulation\datatypes</Filter>
    </ClCompile>
    <ClCompile Include="src\LunarSimulation\datatypes\VectorEncoder.cpp">
      <Filter>Source Files\LunarSimulation\datatypes</Filter>
    </ClCompile>
    <ClCompile Include="src\LunarSimulation\datatypes\TorqueVectorEncoder.cpp">
      <Filter>Source Files\LunarSimulation\datatypes</Filter>
    </ClCompile>
    <ClCompile Include="src\LunarSimulation\datatypes\PositionVectorEncoder.cpp">
      <Filter>Source Files\LunarSimulation\datatypes</Filter>
    </ClCompile>
    <ClCompile Include="src\LunarSimulation\datatypes\InertiaRateMatrixEncoder.cpp">
      <Filter>Source Files\LunarSimulation\datatypes</Filter>
    </ClCompile>
    <ClCompile Include="src\LunarSimulation\datatypes\InertiaMatrixEncoder.cpp">
      <Filter>Source Files\LunarSimulation\datatypes</Filter>
    </ClCompile>
    <ClCompile Include="src\LunarSimulation\datatypes\ForceVectorEncoder.cpp">
      <Filter>Source Files\LunarSimulation\datatypes</Filter>
    </ClCompile>
    <ClCompile Include="src\LunarSimulation\datatypes\AngularVelocityVectorEncoder.cpp">
      <Filter>Source Files\LunarSimulation\datatypes</Filter>
    </ClCompile>
    <ClCompile Include="src\LunarSimulation\datatypes\AngularAccelerationVectorEncoder.cpp">
      <Filter>Source Files\LunarSimulation\datatypes</Filter>
    </ClCompile>
    <ClCompile Include="src\LunarSimulation\datatypes\AccelerationVectorEncoder.cpp">
      <Filter>Source Files\LunarSimulation\datatypes</Filter>
    </ClCompile>
    <ClCompile Include="src\LunarSimulation\datatypes\AccelerationVector.cpp">
      <Filter>Source Files\LunarSimulation\datatypes</Filter>
    </ClCompile>
  </ItemGroup>
</Project>
